
Microsoft Visual Studio Solution File, Format Version 12.00
# Visual Studio 15
VisualStudioVersion = 15.0.28307.168
MinimumVisualStudioVersion = 10.0.40219.1
Project("{9A19103F-16F7-4668-BE54-9A1E7A4F7556}") = "EDennis.Samples.TableTagHelpers", "EDennis.Samples.TableTagHelpers\EDennis.Samples.TableTagHelpers.csproj", "{BDA12CB3-BE03-4B0A-95F2-D53AE3FFAF69}"
EndProject
Global
	GlobalSection(SolutionConfigurationPlatforms) = preSolution
		Debug|Any CPU = Debug|Any CPU
		Release|Any CPU = Release|Any CPU
	EndGlobalSection
	GlobalSection(ProjectConfigurationPlatforms) = postSolution
		{BDA12CB3-BE03-4B0A-95F2-D53AE3FFAF69}.Debug|Any CPU.ActiveCfg = Debug|Any CPU
		{BDA12CB3-BE03-4B0A-95F2-D53AE3FFAF69}.Debug|Any CPU.Build.0 = Debug|Any CPU
		{BDA12CB3-BE03-4B0A-95F2-D53AE3FFAF69}.Release|Any CPU.ActiveCfg = Release|Any CPU
		{BDA12CB3-BE03-4B0A-95F2-D53AE3FFAF69}.Release|Any CPU.Build.0 = Release|Any CPU
	EndGlobalSection
	GlobalSection(SolutionProperties) = preSolution
		HideSolutionNode = FALSE
	EndGlobalSection
	GlobalSection(ExtensibilityGlobals) = postSolution
		SolutionGuid = {216D6ED6-7105-4E72-8BA2-A9ED7BDCC18D}
	EndGlobalSection
EndGlobal
